PODS:
  - FMDB (2.7.5):
    - FMDB/standard (= 2.7.5)
  - FMDB/standard (2.7.5)
  - QiMonitor (0.1.0):
    - FMDB
    - ReactiveCocoa (~> 2.3)
  - ReactiveCocoa (2.3):
    - ReactiveCocoa/UI (= 2.3)
  - ReactiveCocoa/Core (2.3):
    - ReactiveCocoa/no-arc
  - ReactiveCocoa/no-arc (2.3)
  - ReactiveCocoa/UI (2.3):
    - ReactiveCocoa/Core

DEPENDENCIES:
  - FMDB
  - QiMonitor (from `../QiMonitor/`)
  - ReactiveCocoa (= 2.3)

SPEC REPOS:
  trunk:
    - FMDB
    - ReactiveCocoa

EXTERNAL SOURCES:
  QiMonitor:
    :path: "../QiMonitor/"

SPEC CHECKSUMS:
  FMDB: 2ce00b547f966261cd18927a3ddb07cb6f3db82a
  QiMonitor: 55775e72aca2b110ac6d20ff1ee146c944740f1b
  ReactiveCocoa: 81ee2fb7df2dfc6bd52b5d70473662195e20ca7d

PODFILE CHECKSUM: 3a1f4ded8faf3f5cabcbcca5ca30849e8149d14d

COCOAPODS: 1.10.0.beta.2
